{
  "nodes": {
    "hs_kind": {
      "inputs": {
        "nixpkgs": [
          "i",
          "nixpkgs"
        ]
      },
      "locked": {
        "lastModified": 1679128546,
        "narHash": "sha256-2gYeKCqOzZbApJHxPKgu+2pJ91vXprY7HogI5azD/qw=",
        "owner": "k0001",
        "repo": "hs-kind",
        "rev": "3156b8579c3e190c90c60661f202ffb0a474d3ea",
        "type": "github"
      },
      "original": {
        "owner": "k0001",
        "ref": "kind-rational-0.2",
        "repo": "hs-kind",
        "type": "github"
      }
    },
    "i": {
      "inputs": {
        "hs_kind": "hs_kind",
        "nixpkgs": [
          "nixpkgs"
        ]
      },
      "locked": {
        "lastModified": 1679494384,
        "narHash": "sha256-MFw1G/2taQRMbTJJAKV/oRs3UvbEW547o2yoX9askXg=",
        "owner": "k0001",
        "repo": "hs-i",
        "rev": "9eb5aa0c2c6e8e3dfb8c874371100a105c39d947",
        "type": "github"
      },
      "original": {
        "owner": "k0001",
        "repo": "hs-i",
        "type": "github"
      }
    },
    "memzero": {
      "inputs": {
        "nixpkgs": [
          "nixpkgs"
        ]
      },
      "locked": {
        "lastModified": 1678181975,
        "narHash": "sha256-u/RypGB3RSZWoZgKnSTH77D00MSlxFMeE/e+GHV+YeU=",
        "owner": "k0001",
        "repo": "hs-memzero",
        "rev": "e2f0a96caab624764ee1da19563423309d62e94e",
        "type": "github"
      },
      "original": {
        "owner": "k0001",
        "repo": "hs-memzero",
        "type": "github"
      }
    },
    "nixpkgs": {
      "locked": {
        "lastModified": 1678086707,
        "narHash": "sha256-y1uXdxzinIne4FW3TF7DCtxEB9gAbQ4qnbpYzhvkFm8=",
        "owner": "NixOS",
        "repo": "nixpkgs",
        "rev": "21eda9bc80bef824a037582b1e5a43ba74e92daa",
        "type": "github"
      },
      "original": {
        "id": "nixpkgs",
        "type": "indirect"
      }
    },
    "root": {
      "inputs": {
        "i": "i",
        "memzero": "memzero",
        "nixpkgs": "nixpkgs"
      }
    }
  },
  "root": "root",
  "version": 7
}
